
Microsoft Visual Studio Solution File, Format Version 12.00
# Visual Studio Version 16
VisualStudioVersion = 16.0.32428.217
MinimumVisualStudioVersion = 10.0.40219.1
Project("{8BC9CEB8-8B4A-11D0-8D11-00A0C91BC942}") = "GraphicsProcessing", "GraphicsProcessing.vcxproj", "{86349E0D-4EE3-49E8-B3D3-7F6F911EEA01}"
EndProject
Global
	GlobalSection(SolutionConfigurationPlatforms) = preSolution
		Debug|x64 = Debug|x64
		Release|x64 = Release|x64
	EndGlobalSection
	GlobalSection(ProjectConfigurationPlatforms) = postSolution
		{86349E0D-4EE3-49E8-B3D3-7F6F911EEA01}.Debug|x64.ActiveCfg = Debug|x64
		{86349E0D-4EE3-49E8-B3D3-7F6F911EEA01}.Debug|x64.Build.0 = Debug|x64
		{86349E0D-4EE3-49E8-B3D3-7F6F911EEA01}.Release|x64.ActiveCfg = Release|x64
		{86349E0D-4EE3-49E8-B3D3-7F6F911EEA01}.Release|x64.Build.0 = Release|x64
	EndGlobalSection
	GlobalSection(SolutionProperties) = preSolution
		HideSolutionNode = FALSE
	EndGlobalSection
	GlobalSection(ExtensibilityGlobals) = postSolution
		SolutionGuid = {78CD4552-CD46-438F-93DB-4F37F2F1229C}
	EndGlobalSection
EndGlobal
